// !$*UTF8*$!
{
	archiveVersion = 1;
	classes = {
	};
	objectVersion = 50;
	objects = {

/* Begin PBXBuildFile section */
		171EA26220BE19B500EC672B /* AppDelegate.swift in Sources */ = {isa = PBXBuildFile; fileRef = 171EA26120BE19B500EC672B /* AppDelegate.swift */; };
		171EA26420BE19B500EC672B /* ViewController.swift in Sources */ = {isa = PBXBuildFile; fileRef = 171EA26320BE19B500EC672B /* ViewController.swift */; };
		171EA26620BE19BC00EC672B /* Assets.xcassets in Resources */ = {isa = PBXBuildFile; fileRef = 171EA26520BE19BC00EC672B /* Assets.xcassets */; };
		171EA26920BE19BC00EC672B /* Main.storyboard in Resources */ = {isa = PBXBuildFile; fileRef = 171EA26720BE19BC00EC672B /* Main.storyboard */; };
		171EA27220BE42F000EC672B /* shell.swift in Sources */ = {isa = PBXBuildFile; fileRef = 171EA27120BE42F000EC672B /* shell.swift */; };
		17B8AD8420CD5E5F007D71A0 /* screenshotdark.png in Resources */ = {isa = PBXBuildFile; fileRef = 17B8AD8220CD5E5E007D71A0 /* screenshotdark.png */; };
		17B8AD8720CD5E9F007D71A0 /* screenshot.png in Resources */ = {isa = PBXBuildFile; fileRef = 17B8AD8620CD5E9F007D71A0 /* screenshot.png */; };
/* End PBXBuildFile section */

/* Begin PBXFileReference section */
		171EA25E20BE19B500EC672B /* YoutubeDownload.app */ = {isa = PBXFileReference; explicitFileType = wrapper.application; includeInIndex = 0; path = YoutubeDownload.app; sourceTree = BUILT_PRODUCTS_DIR; };
		171EA26120BE19B500EC672B /* AppDelegate.swift */ = {isa = PBXFileReference; lastKnownFileType = sourcecode.swift; path = AppDelegate.swift; sourceTree = "<group>"; };
		171EA26320BE19B500EC672B /* ViewController.swift */ = {isa = PBXFileReference; lastKnownFileType = sourcecode.swift; path = ViewController.swift; sourceTree = "<group>"; };
		171EA26520BE19BC00EC672B /* Assets.xcassets */ = {isa = PBXFileReference; lastKnownFileType = folder.assetcatalog; path = Assets.xcassets; sourceTree = "<group>"; };
		171EA26820BE19BC00EC672B /* Base */ = {isa = PBXFileReference; lastKnownFileType = file.storyboard; name = Base; path = Base.lproj/Main.storyboard; sourceTree = "<group>"; };
		171EA26A20BE19BC00EC672B /* Info.plist */ = {isa = PBXFileReference; lastKnownFileType = text.plist.xml; path = Info.plist; sourceTree = "<group>"; };
		171EA26B20BE19BC00EC672B /* YoutubeDownload.entitlements */ = {isa = PBXFileReference; lastKnownFileType = text.plist.entitlements; path = YoutubeDownload.entitlements; sourceTree = "<group>"; };
		171EA27120BE42F000EC672B /* shell.swift */ = {isa = PBXFileReference; lastKnownFileType = sourcecode.swift; path = shell.swift; sourceTree = "<group>"; };
		17B8AD8220CD5E5E007D71A0 /* screenshotdark.png */ = {isa = PBXFileReference; lastKnownFileType = image.png; path = screenshotdark.png; sourceTree = "<group>"; };
		17B8AD8620CD5E9F007D71A0 /* screenshot.png */ = {isa = PBXFileReference; lastKnownFileType = image.png; path = screenshot.png; sourceTree = "<group>"; };
		17C9B50520BE540700B12B4C /* README.md */ = {isa = PBXFileReference; lastKnownFileType = net.daringfireball.markdown; path = README.md; sourceTree = "<group>"; };
/* End PBXFileReference section */

/* Begin PBXFrameworksBuildPhase section */
		171EA25B20BE19B500EC672B /* Frameworks */ = {
			isa = PBXFrameworksBuildPhase;
			buildActionMask = 2147483647;
			files = (
			);
			runOnlyForDeploymentPostprocessing = 0;
		};
/* End PBXFrameworksBuildPhase section */

/* Begin PBXGroup section */
		171EA25520BE19B500EC672B = {
			isa = PBXGroup;
			children = (
				17B8AD8620CD5E9F007D71A0 /* screenshot.png */,
				17B8AD8220CD5E5E007D71A0 /* screenshotdark.png */,
				17C9B50520BE540700B12B4C /* README.md */,
				171EA26020BE19B500EC672B /* YoutubeDownload */,
				171EA25F20BE19B500EC672B /* Products */,
			);
			sourceTree = "<group>";
		};
		171EA25F20BE19B500EC672B /* Products */ = {
			isa = PBXGroup;
			children = (
				171EA25E20BE19B500EC672B /* YoutubeDownload.app */,
			);
			name = Products;
			sourceTree = "<group>";
		};
		171EA26020BE19B500EC672B /* YoutubeDownload */ = {
			isa = PBXGroup;
			children = (
				171EA26120BE19B500EC672B /* AppDelegate.swift */,
				171EA26320BE19B500EC672B /* ViewController.swift */,
				171EA27120BE42F000EC672B /* shell.swift */,
				171EA26520BE19BC00EC672B /* Assets.xcassets */,
				171EA26720BE19BC00EC672B /* Main.storyboard */,
				171EA26A20BE19BC00EC672B /* Info.plist */,
				171EA26B20BE19BC00EC672B /* YoutubeDownload.entitlements */,
			);
			path = YoutubeDownload;
			sourceTree = "<group>";
		};
/* End PBXGroup section */

/* Begin PBXNativeTarget section */
		171EA25D20BE19B500EC672B /* YoutubeDownload */ = {
			isa = PBXNativeTarget;
			buildConfigurationList = 171EA26E20BE19BC00EC672B /* Build configuration list for PBXNativeTarget "YoutubeDownload" */;
			buildPhases = (
				171EA25A20BE19B500EC672B /* Sources */,
				171EA25B20BE19B500EC672B /* Frameworks */,
				171EA25C20BE19B500EC672B /* Resources */,
			);
			buildRules = (
			);
			dependencies = (
			);
			name = YoutubeDownload;
			productName = YoutubeDownload;
			productReference = 171EA25E20BE19B500EC672B /* YoutubeDownload.app */;
			productType = "com.apple.product-type.application";
		};
/* End PBXNativeTarget section */

/* Begin PBXProject section */
		171EA25620BE19B500EC672B /* Project object */ = {
			isa = PBXProject;
			attributes = {
				LastSwiftUpdateCheck = 0930;
				LastUpgradeCheck = 0930;
				ORGANIZATIONNAME = Arya;
				TargetAttributes = {
					171EA25D20BE19B500EC672B = {
						CreatedOnToolsVersion = 9.3.1;
						SystemCapabilities = {
							com.apple.Sandbox = {
								enabled = 1;
							};
						};
					};
				};
			};
			buildConfigurationList = 171EA25920BE19B500EC672B /* Build configuration list for PBXProject "YoutubeDownload" */;
			compatibilityVersion = "Xcode 9.3";
			developmentRegion = en;
			hasScannedForEncodings = 0;
			knownRegions = (
				en,
				Base,
			);
			mainGroup = 171EA25520BE19B500EC672B;
			productRefGroup = 171EA25F20BE19B500EC672B /* Products */;
			projectDirPath = "";
			projectRoot = "";
			targets = (
				171EA25D20BE19B500EC672B /* YoutubeDownload */,
			);
		};
/* End PBXProject section */

/* Begin PBXResourcesBuildPhase section */
		171EA25C20BE19B500EC672B /* Resources */ = {
			isa = PBXResourcesBuildPhase;
			buildActionMask = 2147483647;
			files = (
				17B8AD8420CD5E5F007D71A0 /* screenshotdark.png in Resources */,
				171EA26620BE19BC00EC672B /* Assets.xcassets in Resources */,
				171EA26920BE19BC00EC672B /* Main.storyboard in Resources */,
				17B8AD8720CD5E9F007D71A0 /* screenshot.png in Resources */,
			);
			runOnlyForDeploymentPostprocessing = 0;
		};
/* End PBXResourcesBuildPhase section */

/* Begin PBXSourcesBuildPhase section */
		171EA25A20BE19B500EC672B /* Sources */ = {
			isa = PBXSourcesBuildPhase;
			buildActionMask = 2147483647;
			files = (
				171EA27220BE42F000EC672B /* shell.swift in Sources */,
				171EA26420BE19B500EC672B /* ViewController.swift in Sources */,
				171EA26220BE19B500EC672B /* AppDelegate.swift in Sources */,
			);
			runOnlyForDeploymentPostprocessing = 0;
		};
/* End PBXSourcesBuildPhase section */

/* Begin PBXVariantGroup section */
		171EA26720BE19BC00EC672B /* Main.storyboard */ = {
			isa = PBXVariantGroup;
			children = (
				171EA26820BE19BC00EC672B /* Base */,
			);
			name = Main.storyboard;
			sourceTree = "<group>";
		};
/* End PBXVariantGroup section */

/* Begin XCBuildConfiguration section */
		171EA26C20BE19BC00EC672B /* Debug */ = {
			isa = XCBuildConfiguration;
			buildSettings = {
				ALWAYS_SEARCH_USER_PATHS = NO;
				CLANG_ANALYZER_NONNULL = YES;
				CLANG_ANALYZER_NUMBER_OBJECT_CONVERSION = YES_AGGRESSIVE;
				CLANG_CXX_LANGUAGE_STANDARD = "gnu++14";
				CLANG_CXX_LIBRARY = "libc++";
				CLANG_ENABLE_MODULES = YES;
				CLANG_ENABLE_OBJC_ARC = YES;
				CLANG_ENABLE_OBJC_WEAK = YES;
				CLANG_WARN_BLOCK_CAPTURE_AUTORELEASING = YES;
				CLANG_WARN_BOOL_CONVERSION = YES;
				CLANG_WARN_COMMA = YES;
				CLANG_WARN_CONSTANT_CONVERSION = YES;
				CLANG_WARN_DEPRECATED_OBJC_IMPLEMENTATIONS = YES;
				CLANG_WARN_DIRECT_OBJC_ISA_USAGE = YES_ERROR;
				CLANG_WARN_DOCUMENTATION_COMMENTS = YES;
				CLANG_WARN_EMPTY_BODY = YES;
				CLANG_WARN_ENUM_CONVERSION = YES;
				CLANG_WARN_INFINITE_RECURSION = YES;
				CLANG_WARN_INT_CONVERSION = YES;
				CLANG_WARN_NON_LITERAL_NULL_CONVERSION = YES;
				CLANG_WARN_OBJC_IMPLICIT_RETAIN_SELF = YES;
				CLANG_WARN_OBJC_LITERAL_CONVERSION = YES;
				CLANG_WARN_OBJC_ROOT_CLASS = YES_ERROR;
				CLANG_WARN_RANGE_LOOP_ANALYSIS = YES;
				CLANG_WARN_STRICT_PROTOTYPES = YES;
				CLANG_WARN_SUSPICIOUS_MOVE = YES;
				CLANG_WARN_UNGUARDED_AVAILABILITY = YES_AGGRESSIVE;
				CLANG_WARN_UNREACHABLE_CODE = YES;
				CLANG_WARN__DUPLICATE_METHOD_MATCH = YES;
				CODE_SIGN_IDENTITY = "Mac Developer";
				COPY_PHASE_STRIP = NO;
				DEBUG_INFORMATION_FORMAT = dwarf;
				ENABLE_STRICT_OBJC_MSGSEND = YES;
				ENABLE_TESTABILITY = YES;
				GCC_C_LANGUAGE_STANDARD = gnu11;
				GCC_DYNAMIC_NO_PIC = NO;
				GCC_NO_COMMON_BLOCKS = YES;
				GCC_OPTIMIZATION_LEVEL = 0;
				GCC_PREPROCESSOR_DEFINITIONS = (
					"DEBUG=1",
					"$(inherited)",
				);
				GCC_WARN_64_TO_32_BIT_CONVERSION = YES;
				GCC_WARN_ABOUT_RETURN_TYPE = YES_ERROR;
				GCC_WARN_UNDECLARED_SELECTOR = YES;
				GCC_WARN_UNINITIALIZED_AUTOS = YES_AGGRESSIVE;
				GCC_WARN_UNUSED_FUNCTION = YES;
				GCC_WARN_UNUSED_VARIABLE = YES;
				MACOSX_DEPLOYMENT_TARGET = 10.13;
				MTL_ENABLE_DEBUG_INFO = YES;
				ONLY_ACTIVE_ARCH = YES;
				SDKROOT = macosx;
				SWIFT_ACTIVE_COMPILATION_CONDITIONS = DEBUG;
				SWIFT_OPTIMIZATION_LEVEL = "-Onone";
			};
			name = Debug;
		};
		171EA26D20BE19BC00EC672B /* Release */ = {
			isa = XCBuildConfiguration;
			buildSettings = {
				ALWAYS_SEARCH_USER_PATHS = NO;
				CLANG_ANALYZER_NONNULL = YES;
				CLANG_ANALYZER_NUMBER_OBJECT_CONVERSION = YES_AGGRESSIVE;
				CLANG_CXX_LANGUAGE_STANDARD = "gnu++14";
				CLANG_CXX_LIBRARY = "libc++";
				CLANG_ENABLE_MODULES = YES;
				CLANG_ENABLE_OBJC_ARC = YES;
				CLANG_ENABLE_OBJC_WEAK = YES;
				CLANG_WARN_BLOCK_CAPTURE_AUTORELEASING = YES;
				CLANG_WARN_BOOL_CONVERSION = YES;
				CLANG_WARN_COMMA = YES;
				CLANG_WARN_CONSTANT_CONVERSION = YES;
				CLANG_WARN_DEPRECATED_OBJC_IMPLEMENTATIONS = YES;
				CLANG_WARN_DIRECT_OBJC_ISA_USAGE = YES_ERROR;
				CLANG_WARN_DOCUMENTATION_COMMENTS = YES;
				CLANG_WARN_EMPTY_BODY = YES;
				CLANG_WARN_ENUM_CONVERSION = YES;
				CLANG_WARN_INFINITE_RECURSION = YES;
				CLANG_WARN_INT_CONVERSION = YES;
				CLANG_WARN_NON_LITERAL_NULL_CONVERSION = YES;
				CLANG_WARN_OBJC_IMPLICIT_RETAIN_SELF = YES;
				CLANG_WARN_OBJC_LITERAL_CONVERSION = YES;
				CLANG_WARN_OBJC_ROOT_CLASS = YES_ERROR;
				CLANG_WARN_RANGE_LOOP_ANALYSIS = YES;
				CLANG_WARN_STRICT_PROTOTYPES = YES;
				CLANG_WARN_SUSPICIOUS_MOVE = YES;
				CLANG_WARN_UNGUARDED_AVAILABILITY = YES_AGGRESSIVE;
				CLANG_WARN_UNREACHABLE_CODE = YES;
				CLANG_WARN__DUPLICATE_METHOD_MATCH = YES;
				CODE_SIGN_IDENTITY = "Mac Developer";
				COPY_PHASE_STRIP = NO;
				DEBUG_INFORMATION_FORMAT = "dwarf-with-dsym";
				ENABLE_NS_ASSERTIONS = NO;
				ENABLE_STRICT_OBJC_MSGSEND = YES;
				GCC_C_LANGUAGE_STANDARD = gnu11;
				GCC_NO_COMMON_BLOCKS = YES;
				GCC_WARN_64_TO_32_BIT_CONVERSION = YES;
				GCC_WARN_ABOUT_RETURN_TYPE = YES_ERROR;
				GCC_WARN_UNDECLARED_SELECTOR = YES;
				GCC_WARN_UNINITIALIZED_AUTOS = YES_AGGRESSIVE;
				GCC_WARN_UNUSED_FUNCTION = YES;
				GCC_WARN_UNUSED_VARIABLE = YES;
				MACOSX_DEPLOYMENT_TARGET = 10.13;
				MTL_ENABLE_DEBUG_INFO = NO;
				SDKROOT = macosx;
				SWIFT_COMPILATION_MODE = wholemodule;
				SWIFT_OPTIMIZATION_LEVEL = "-O";
			};
			name = Release;
		};
		171EA26F20BE19BC00EC672B /* Debug */ = {
			isa = XCBuildConfiguration;
			buildSettings = {
				ASSETCATALOG_COMPILER_APPICON_NAME = AppIcon;
				CODE_SIGN_ENTITLEMENTS = YoutubeDownload/YoutubeDownload.entitlements;
				CODE_SIGN_STYLE = Automatic;
				COMBINE_HIDPI_IMAGES = YES;
				DEVELOPMENT_TEAM = T6J8YR3FGS;
				INFOPLIST_FILE = YoutubeDownload/Info.plist;
				LD_RUNPATH_SEARCH_PATHS = (
					"$(inherited)",
					"@executable_path/../Frameworks",
				);
				MACOSX_DEPLOYMENT_TARGET = 10.14;
				PRODUCT_BUNDLE_IDENTIFIER = com.arya.YoutubeDownload;
				PRODUCT_NAME = "$(TARGET_NAME)";
				SWIFT_VERSION = 4.0;
			};
			name = Debug;
		};
		171EA27020BE19BC00EC672B /* Release */ = {
			isa = XCBuildConfiguration;
			buildSettings = {
				ASSETCATALOG_COMPILER_APPICON_NAME = AppIcon;
				CODE_SIGN_ENTITLEMENTS = YoutubeDownload/YoutubeDownload.entitlements;
				CODE_SIGN_STYLE = Automatic;
				COMBINE_HIDPI_IMAGES = YES;
				DEVELOPMENT_TEAM = T6J8YR3FGS;
				INFOPLIST_FILE = YoutubeDownload/Info.plist;
				LD_RUNPATH_SEARCH_PATHS = (
					"$(inherited)",
					"@executable_path/../Frameworks",
				);
				MACOSX_DEPLOYMENT_TARGET = 10.14;
				PRODUCT_BUNDLE_IDENTIFIER = com.arya.YoutubeDownload;
				PRODUCT_NAME = "$(TARGET_NAME)";
				SWIFT_VERSION = 4.0;
			};
			name = Release;
		};
/* End XCBuildConfiguration section */

/* Begin XCConfigurationList section */
		171EA25920BE19B500EC672B /* Build configuration list for PBXProject "YoutubeDownload" */ = {
			isa = XCConfigurationList;
			buildConfigurations = (
				171EA26C20BE19BC00EC672B /* Debug */,
				171EA26D20BE19BC00EC672B /* Release */,
			);
			defaultConfigurationIsVisible = 0;
			defaultConfigurationName = Release;
		};
		171EA26E20BE19BC00EC672B /* Build configuration list for PBXNativeTarget "YoutubeDownload" */ = {
			isa = XCConfigurationList;
			buildConfigurations = (
				171EA26F20BE19BC00EC672B /* Debug */,
				171EA27020BE19BC00EC672B /* Release */,
			);
			defaultConfigurationIsVisible = 0;
			defaultConfigurationName = Release;
		};
/* End XCConfigurationList section */
	};
	rootObject = 171EA25620BE19B500EC672B /* Project object */;
}
